
Microsoft Visual Studio Solution File, Format Version 12.00
# Visual Studio Version 17
VisualStudioVersion = 17.14.36616.10 d17.14
MinimumVisualStudioVersion = 10.0.40219.1
Project("{FAE04EC0-301F-11D3-BF4B-00C04F79EFBC}") = "Uppgift 8 Age Verification and Control Flow Exercise", "Uppgift 8 Age Verification and Control Flow Exercise.csproj", "{0979641C-4EAE-438F-8865-8A70242994C2}"
EndProject
Global
	GlobalSection(SolutionConfigurationPlatforms) = preSolution
		Debug|Any CPU = Debug|Any CPU
		Release|Any CPU = Release|Any CPU
	EndGlobalSection
	GlobalSection(ProjectConfigurationPlatforms) = postSolution
		{0979641C-4EAE-438F-8865-8A70242994C2}.Debug|Any CPU.ActiveCfg = Debug|Any CPU
		{0979641C-4EAE-438F-8865-8A70242994C2}.Debug|Any CPU.Build.0 = Debug|Any CPU
		{0979641C-4EAE-438F-8865-8A70242994C2}.Release|Any CPU.ActiveCfg = Release|Any CPU
		{0979641C-4EAE-438F-8865-8A70242994C2}.Release|Any CPU.Build.0 = Release|Any CPU
	EndGlobalSection
	GlobalSection(SolutionProperties) = preSolution
		HideSolutionNode = FALSE
	EndGlobalSection
	GlobalSection(ExtensibilityGlobals) = postSolution
		SolutionGuid = {D5AFCC17-63B4-4C59-A97E-98BC3DD75D77}
	EndGlobalSection
EndGlobal
