
Microsoft Visual Studio Solution File, Format Version 12.00
# Visual Studio Version 17
VisualStudioVersion = 17.14.36623.8 d17.14
MinimumVisualStudioVersion = 10.0.40219.1
Project("{FAE04EC0-301F-11D3-BF4B-00C04F79EFBC}") = "Uppgift 10 Operators in C#", "Uppgift 10 Operators in C#.csproj", "{51E6CCA6-6BA6-4F99-9F76-4850D2EB95D9}"
EndProject
Global
	GlobalSection(SolutionConfigurationPlatforms) = preSolution
		Debug|Any CPU = Debug|Any CPU
		Release|Any CPU = Release|Any CPU
	EndGlobalSection
	GlobalSection(ProjectConfigurationPlatforms) = postSolution
		{51E6CCA6-6BA6-4F99-9F76-4850D2EB95D9}.Debug|Any CPU.ActiveCfg = Debug|Any CPU
		{51E6CCA6-6BA6-4F99-9F76-4850D2EB95D9}.Debug|Any CPU.Build.0 = Debug|Any CPU
		{51E6CCA6-6BA6-4F99-9F76-4850D2EB95D9}.Release|Any CPU.ActiveCfg = Release|Any CPU
		{51E6CCA6-6BA6-4F99-9F76-4850D2EB95D9}.Release|Any CPU.Build.0 = Release|Any CPU
	EndGlobalSection
	GlobalSection(SolutionProperties) = preSolution
		HideSolutionNode = FALSE
	EndGlobalSection
	GlobalSection(ExtensibilityGlobals) = postSolution
		SolutionGuid = {C26EDA6E-51E1-4E05-A7D3-CFEA0CA075EF}
	EndGlobalSection
EndGlobal
