
Microsoft Visual Studio Solution File, Format Version 12.00
# Visual Studio Version 17
VisualStudioVersion = 17.14.36616.10 d17.14
MinimumVisualStudioVersion = 10.0.40219.1
Project("{FAE04EC0-301F-11D3-BF4B-00C04F79EFBC}") = "Uppgift 7 While Loops in C#", "Uppgift 7 While Loops in C#.csproj", "{374283C7-FBE2-4A7A-866C-21A1DDD08F62}"
EndProject
Global
	GlobalSection(SolutionConfigurationPlatforms) = preSolution
		Debug|Any CPU = Debug|Any CPU
		Release|Any CPU = Release|Any CPU
	EndGlobalSection
	GlobalSection(ProjectConfigurationPlatforms) = postSolution
		{374283C7-FBE2-4A7A-866C-21A1DDD08F62}.Debug|Any CPU.ActiveCfg = Debug|Any CPU
		{374283C7-FBE2-4A7A-866C-21A1DDD08F62}.Debug|Any CPU.Build.0 = Debug|Any CPU
		{374283C7-FBE2-4A7A-866C-21A1DDD08F62}.Release|Any CPU.ActiveCfg = Release|Any CPU
		{374283C7-FBE2-4A7A-866C-21A1DDD08F62}.Release|Any CPU.Build.0 = Release|Any CPU
	EndGlobalSection
	GlobalSection(SolutionProperties) = preSolution
		HideSolutionNode = FALSE
	EndGlobalSection
	GlobalSection(ExtensibilityGlobals) = postSolution
		SolutionGuid = {67BAFCA6-5E5E-482E-AB97-F18E039A75BA}
	EndGlobalSection
EndGlobal
